
Microsoft Visual Studio Solution File, Format Version 12.00
# Visual Studio Version 16
VisualStudioVersion = 16.0.30011.22
MinimumVisualStudioVersion = 10.0.40219.1
Project("{FAE04EC0-301F-11D3-BF4B-00C04F79EFBC}") = "KKS", "KerbalKrashSystem\KKS.csproj", "{C9E72441-4366-42D1-AB8C-7783B93DD81A}"
EndProject
Project("{FAE04EC0-301F-11D3-BF4B-00C04F79EFBC}") = "KerbalKrashSystem_Repair", "..\KKS-Mods\KerbalKrashSystem_Repair\KerbalKrashSystem_Repair\KerbalKrashSystem_Repair.csproj", "{F0C81447-489C-45F4-B5AD-6B447E5CB7DB}"
EndProject
Project("{FAE04EC0-301F-11D3-BF4B-00C04F79EFBC}") = "KerbalKrashSystem_Leak", "..\KKS-Mods\KerbalKrashSystem_Leak\KerbalKrashSystem_Leak\KerbalKrashSystem_Leak.csproj", "{FFB79291-3FC3-4521-9CF5-C98662CA8EA4}"
EndProject
Project("{FAE04EC0-301F-11D3-BF4B-00C04F79EFBC}") = "KerbalKrashSystem_Science", "..\KKS-Mods\KerbalKrashSystem_Science\KerbalKrashSystem_Science\KerbalKrashSystem_Science.csproj", "{FA1551A5-0A61-4532-9814-C14D659A933D}"
EndProject
Global
	GlobalSection(SolutionConfigurationPlatforms) = preSolution
		Debug|Any CPU = Debug|Any CPU
		Release|Any CPU = Release|Any CPU
	EndGlobalSection
	GlobalSection(ProjectConfigurationPlatforms) = postSolution
		{C9E72441-4366-42D1-AB8C-7783B93DD81A}.Debug|Any CPU.ActiveCfg = Debug|Any CPU
		{C9E72441-4366-42D1-AB8C-7783B93DD81A}.Debug|Any CPU.Build.0 = Debug|Any CPU
		{C9E72441-4366-42D1-AB8C-7783B93DD81A}.Release|Any CPU.ActiveCfg = Release|Any CPU
		{C9E72441-4366-42D1-AB8C-7783B93DD81A}.Release|Any CPU.Build.0 = Release|Any CPU
		{F0C81447-489C-45F4-B5AD-6B447E5CB7DB}.Debug|Any CPU.ActiveCfg = Debug|Any CPU
		{F0C81447-489C-45F4-B5AD-6B447E5CB7DB}.Debug|Any CPU.Build.0 = Debug|Any CPU
		{F0C81447-489C-45F4-B5AD-6B447E5CB7DB}.Release|Any CPU.ActiveCfg = Release|Any CPU
		{F0C81447-489C-45F4-B5AD-6B447E5CB7DB}.Release|Any CPU.Build.0 = Release|Any CPU
		{FFB79291-3FC3-4521-9CF5-C98662CA8EA4}.Debug|Any CPU.ActiveCfg = Debug|Any CPU
		{FFB79291-3FC3-4521-9CF5-C98662CA8EA4}.Debug|Any CPU.Build.0 = Debug|Any CPU
		{FFB79291-3FC3-4521-9CF5-C98662CA8EA4}.Release|Any CPU.ActiveCfg = Release|Any CPU
		{FFB79291-3FC3-4521-9CF5-C98662CA8EA4}.Release|Any CPU.Build.0 = Release|Any CPU
		{FA1551A5-0A61-4532-9814-C14D659A933D}.Debug|Any CPU.ActiveCfg = Debug|Any CPU
		{FA1551A5-0A61-4532-9814-C14D659A933D}.Debug|Any CPU.Build.0 = Debug|Any CPU
		{FA1551A5-0A61-4532-9814-C14D659A933D}.Release|Any CPU.ActiveCfg = Release|Any CPU
		{FA1551A5-0A61-4532-9814-C14D659A933D}.Release|Any CPU.Build.0 = Release|Any CPU
	EndGlobalSection
	GlobalSection(SolutionProperties) = preSolution
		HideSolutionNode = FALSE
	EndGlobalSection
	GlobalSection(ExtensibilityGlobals) = postSolution
		SolutionGuid = {3AD46CCF-5693-4B10-AC90-F71B0F416FD8}
	EndGlobalSection
EndGlobal
